
Microsoft Visual Studio Solution File, Format Version 12.00
# Visual Studio Version 16
VisualStudioVersion = 16.0.31025.194
MinimumVisualStudioVersion = 10.0.40219.1
Project("{FAE04EC0-301F-11D3-BF4B-00C04F79EFBC}") = "quanlycuahang", "quanlycuahang\quanlycuahang.csproj", "{F1152526-7FBC-4CE3-BC4D-D43DECE2CDCB}"
EndProject
Global
	GlobalSection(SolutionConfigurationPlatforms) = preSolution
		Debug|Any CPU = Debug|Any CPU
		Release|Any CPU = Release|Any CPU
	EndGlobalSection
	GlobalSection(ProjectConfigurationPlatforms) = postSolution
		{F1152526-7FBC-4CE3-BC4D-D43DECE2CDCB}.Debug|Any CPU.ActiveCfg = Debug|Any CPU
		{F1152526-7FBC-4CE3-BC4D-D43DECE2CDCB}.Debug|Any CPU.Build.0 = Debug|Any CPU
		{F1152526-7FBC-4CE3-BC4D-D43DECE2CDCB}.Release|Any CPU.ActiveCfg = Release|Any CPU
		{F1152526-7FBC-4CE3-BC4D-D43DECE2CDCB}.Release|Any CPU.Build.0 = Release|Any CPU
	EndGlobalSection
	GlobalSection(SolutionProperties) = preSolution
		HideSolutionNode = FALSE
	EndGlobalSection
	GlobalSection(ExtensibilityGlobals) = postSolution
		SolutionGuid = {5F9E9A87-86CC-4781-AE5B-48C677A137B7}
	EndGlobalSection
EndGlobal
